{
  "name": "xMattersSync",
  "version": "1.0.2",
  "lockfileVersion": 1,
  "requires": true,
  "dependencies": {
    "bottleneck": {
      "version": "2.19.5",
      "resolved": "https://registry.npmjs.org/bottleneck/-/bottleneck-2.19.5.tgz",
      "integrity": "sha512-VHiNCbI1lKdl44tGrhNfU3lup0Tj/ZBMJB5/2ZbNXRCPuRCO7ed2mgcK4r17y+KB2EfuYuRaVlwNbAeaWGSpbw=="
    },
    "lodash": {
      "version": "4.17.19",
      "resolved": "https://registry.npmjs.org/lodash/-/lodash-4.17.19.tgz",
      "integrity": "sha512-JNvd8XER9GQX0v2qJgsaN/mzFCNA5BRe/j8JN9d+tWyGLSodKQHKFicdwNYzWwI3wjRnaKPsGj1XkBjx/F96DQ=="
    },
    "xmtoolbox": {
      "version": "1.0.20",
      "resolved": "https://registry.npmjs.org/xmtoolbox/-/xmtoolbox-1.0.20.tgz",
      "integrity": "sha512-9XIl45R9lyc3foclGEF0EQ7ZLgP4PZMfpGdIycLZqYcSveeJ/R58oUpKK4xMQXFbjVlBApBsG6uNHkkBGJQnnQ==",
      "requires": {
        "bottleneck": "^2.19.5",
        "lodash": "^4.17.15"
      }
    }
  }
}
