{
  "name": "xmtoolbox-quick-start",
  "version": "1.0.3",
  "lockfileVersion": 1,
  "requires": true,
  "dependencies": {
    "bottleneck": {
      "version": "2.19.5",
      "resolved": "https://registry.npmjs.org/bottleneck/-/bottleneck-2.19.5.tgz",
      "integrity": "sha512-VHiNCbI1lKdl44tGrhNfU3lup0Tj/ZBMJB5/2ZbNXRCPuRCO7ed2mgcK4r17y+KB2EfuYuRaVlwNbAeaWGSpbw=="
    },
    "lodash": {
      "version": "4.17.20",
      "resolved": "https://registry.npmjs.org/lodash/-/lodash-4.17.20.tgz",
      "integrity": "sha512-PlhdFcillOINfeV7Ni6oF1TAEayyZBoZ8bcshTHqOYJYlrqzRK5hagpagky5o4HfCzzd1TRkXPMFq6cKk9rGmA=="
    },
    "xmtoolbox": {
      "version": "1.0.24",
      "resolved": "https://registry.npmjs.org/xmtoolbox/-/xmtoolbox-1.0.24.tgz",
      "integrity": "sha512-zxcPFGjpfgj/2dUEPlAJWcPi0eU/r0a9FDCySTu+WNKlp/GziBwxCiSvwAmzaCPZMKRT0tOyEOePbmBNyIW19w==",
      "requires": {
        "bottleneck": "^2.19.5",
        "lodash": "^4.17.15"
      }
    }
  }
}
